// !$*UTF8*$!
{
	archiveVersion = 1;
	classes = {
	};
	objectVersion = 50;
	objects = {

/* Begin PBXBuildFile section */
		077005253E236BC75648F756 /* Pods_Spotify.framework in Frameworks */ = {isa = PBXBuildFile; fileRef = 869AE02F84547D9329C5AC87 /* Pods_Spotify.framework */; };
		495034D72604709E00F3529E /* AppDelegate.swift in Sources */ = {isa = PBXBuildFile; fileRef = 495034D62604709E00F3529E /* AppDelegate.swift */; };
		495034D92604709E00F3529E /* SceneDelegate.swift in Sources */ = {isa = PBXBuildFile; fileRef = 495034D82604709E00F3529E /* SceneDelegate.swift */; };
		495034DB2604709E00F3529E /* HomeViewController.swift in Sources */ = {isa = PBXBuildFile; fileRef = 495034DA2604709E00F3529E /* HomeViewController.swift */; };
		495034E0260470A200F3529E /* Assets.xcassets in Resources */ = {isa = PBXBuildFile; fileRef = 495034DF260470A200F3529E /* Assets.xcassets */; };
		495034E3260470A200F3529E /* LaunchScreen.storyboard in Resources */ = {isa = PBXBuildFile; fileRef = 495034E1260470A200F3529E /* LaunchScreen.storyboard */; };
		495034F42604765400F3529E /* TabBarViewController.swift in Sources */ = {isa = PBXBuildFile; fileRef = 495034F32604765400F3529E /* TabBarViewController.swift */; };
		495034F72604768800F3529E /* SearchViewController.swift in Sources */ = {isa = PBXBuildFile; fileRef = 495034F62604768800F3529E /* SearchViewController.swift */; };
		495034FB260476C400F3529E /* LibraryViewController.swift in Sources */ = {isa = PBXBuildFile; fileRef = 495034FA260476C400F3529E /* LibraryViewController.swift */; };
		495035002604778500F3529E /* AuthViewController.swift in Sources */ = {isa = PBXBuildFile; fileRef = 495034FF2604778500F3529E /* AuthViewController.swift */; };
		49503504260477A100F3529E /* WelcomeViewController.swift in Sources */ = {isa = PBXBuildFile; fileRef = 49503503260477A100F3529E /* WelcomeViewController.swift */; };
		49503507260477AB00F3529E /* SettingsViewController.swift in Sources */ = {isa = PBXBuildFile; fileRef = 49503506260477AB00F3529E /* SettingsViewController.swift */; };
		4950350A260477C000F3529E /* ProfileViewController.swift in Sources */ = {isa = PBXBuildFile; fileRef = 49503509260477C000F3529E /* ProfileViewController.swift */; };
		4950350D260477CA00F3529E /* PlayerViewController.swift in Sources */ = {isa = PBXBuildFile; fileRef = 4950350C260477CA00F3529E /* PlayerViewController.swift */; };
		49503510260477D600F3529E /* PlaylistViewController.swift in Sources */ = {isa = PBXBuildFile; fileRef = 4950350F260477D600F3529E /* PlaylistViewController.swift */; };
		495035132604780500F3529E /* SearchResultsViewController.swift in Sources */ = {isa = PBXBuildFile; fileRef = 495035122604780500F3529E /* SearchResultsViewController.swift */; };
		495035162604785500F3529E /* AuthManager.swift in Sources */ = {isa = PBXBuildFile; fileRef = 495035152604785500F3529E /* AuthManager.swift */; };
		495035192604786800F3529E /* APICaller.swift in Sources */ = {isa = PBXBuildFile; fileRef = 495035182604786800F3529E /* APICaller.swift */; };
		4950351C2604787B00F3529E /* HapticsManager.swift in Sources */ = {isa = PBXBuildFile; fileRef = 4950351B2604787B00F3529E /* HapticsManager.swift */; };
		4950351F260478D500F3529E /* Playlist.swift in Sources */ = {isa = PBXBuildFile; fileRef = 4950351E260478D500F3529E /* Playlist.swift */; };
		49503522260478E600F3529E /* AudioTrack.swift in Sources */ = {isa = PBXBuildFile; fileRef = 49503521260478E600F3529E /* AudioTrack.swift */; };
		49503525260478F300F3529E /* Artist.swift in Sources */ = {isa = PBXBuildFile; fileRef = 49503524260478F300F3529E /* Artist.swift */; };
		495035282604790500F3529E /* UserProfile.swift in Sources */ = {isa = PBXBuildFile; fileRef = 495035272604790500F3529E /* UserProfile.swift */; };
		4950352C260498AA00F3529E /* Extensions.swift in Sources */ = {isa = PBXBuildFile; fileRef = 4950352B260498AA00F3529E /* Extensions.swift */; };
		498E28D92683E08D00DE4D65 /* SettingsModels.swift in Sources */ = {isa = PBXBuildFile; fileRef = 498E28D82683E08D00DE4D65 /* SettingsModels.swift */; };
		499C12C526809B9D0029C553 /* AuthResponse.swift in Sources */ = {isa = PBXBuildFile; fileRef = 499C12C426809B9D0029C553 /* AuthResponse.swift */; };
/* End PBXBuildFile section */

/* Begin PBXFileReference section */
		24310165A73DB6354FDFC9DF /* Pods-Spotify.debug.xcconfig */ = {isa = PBXFileReference; includeInIndex = 1; lastKnownFileType = text.xcconfig; name = "Pods-Spotify.debug.xcconfig"; path = "Target Support Files/Pods-Spotify/Pods-Spotify.debug.xcconfig"; sourceTree = "<group>"; };
		495034D32604709E00F3529E /* Spotify.app */ = {isa = PBXFileReference; explicitFileType = wrapper.application; includeInIndex = 0; path = Spotify.app; sourceTree = BUILT_PRODUCTS_DIR; };
		495034D62604709E00F3529E /* AppDelegate.swift */ = {isa = PBXFileReference; lastKnownFileType = sourcecode.swift; path = AppDelegate.swift; sourceTree = "<group>"; };
		495034D82604709E00F3529E /* SceneDelegate.swift */ = {isa = PBXFileReference; lastKnownFileType = sourcecode.swift; path = SceneDelegate.swift; sourceTree = "<group>"; };
		495034DA2604709E00F3529E /* HomeViewController.swift */ = {isa = PBXFileReference; lastKnownFileType = sourcecode.swift; path = HomeViewController.swift; sourceTree = "<group>"; };
		495034DF260470A200F3529E /* Assets.xcassets */ = {isa = PBXFileReference; lastKnownFileType = folder.assetcatalog; path = Assets.xcassets; sourceTree = "<group>"; };
		495034E2260470A200F3529E /* Base */ = {isa = PBXFileReference; lastKnownFileType = file.storyboard; name = Base; path = Base.lproj/LaunchScreen.storyboard; sourceTree = "<group>"; };
		495034E4260470A200F3529E /* Info.plist */ = {isa = PBXFileReference; lastKnownFileType = text.plist.xml; path = Info.plist; sourceTree = "<group>"; };
		495034F32604765400F3529E /* TabBarViewController.swift */ = {isa = PBXFileReference; lastKnownFileType = sourcecode.swift; path = TabBarViewController.swift; sourceTree = "<group>"; };
		495034F62604768800F3529E /* SearchViewController.swift */ = {isa = PBXFileReference; lastKnownFileType = sourcecode.swift; path = SearchViewController.swift; sourceTree = "<group>"; };
		495034FA260476C400F3529E /* LibraryViewController.swift */ = {isa = PBXFileReference; lastKnownFileType = sourcecode.swift; path = LibraryViewController.swift; sourceTree = "<group>"; };
		495034FF2604778500F3529E /* AuthViewController.swift */ = {isa = PBXFileReference; lastKnownFileType = sourcecode.swift; path = AuthViewController.swift; sourceTree = "<group>"; };
		49503503260477A100F3529E /* WelcomeViewController.swift */ = {isa = PBXFileReference; lastKnownFileType = sourcecode.swift; path = WelcomeViewController.swift; sourceTree = "<group>"; };
		49503506260477AB00F3529E /* SettingsViewController.swift */ = {isa = PBXFileReference; lastKnownFileType = sourcecode.swift; path = SettingsViewController.swift; sourceTree = "<group>"; };
		49503509260477C000F3529E /* ProfileViewController.swift */ = {isa = PBXFileReference; lastKnownFileType = sourcecode.swift; path = ProfileViewController.swift; sourceTree = "<group>"; };
		4950350C260477CA00F3529E /* PlayerViewController.swift */ = {isa = PBXFileReference; lastKnownFileType = sourcecode.swift; path = PlayerViewController.swift; sourceTree = "<group>"; };
		4950350F260477D600F3529E /* PlaylistViewController.swift */ = {isa = PBXFileReference; lastKnownFileType = sourcecode.swift; path = PlaylistViewController.swift; sourceTree = "<group>"; };
		495035122604780500F3529E /* SearchResultsViewController.swift */ = {isa = PBXFileReference; lastKnownFileType = sourcecode.swift; path = SearchResultsViewController.swift; sourceTree = "<group>"; };
		495035152604785500F3529E /* AuthManager.swift */ = {isa = PBXFileReference; lastKnownFileType = sourcecode.swift; path = AuthManager.swift; sourceTree = "<group>"; };
		495035182604786800F3529E /* APICaller.swift */ = {isa = PBXFileReference; lastKnownFileType = sourcecode.swift; path = APICaller.swift; sourceTree = "<group>"; };
		4950351B2604787B00F3529E /* HapticsManager.swift */ = {isa = PBXFileReference; lastKnownFileType = sourcecode.swift; path = HapticsManager.swift; sourceTree = "<group>"; };
		4950351E260478D500F3529E /* Playlist.swift */ = {isa = PBXFileReference; lastKnownFileType = sourcecode.swift; path = Playlist.swift; sourceTree = "<group>"; };
		49503521260478E600F3529E /* AudioTrack.swift */ = {isa = PBXFileReference; lastKnownFileType = sourcecode.swift; path = AudioTrack.swift; sourceTree = "<group>"; };
		49503524260478F300F3529E /* Artist.swift */ = {isa = PBXFileReference; lastKnownFileType = sourcecode.swift; path = Artist.swift; sourceTree = "<group>"; };
		495035272604790500F3529E /* UserProfile.swift */ = {isa = PBXFileReference; lastKnownFileType = sourcecode.swift; path = UserProfile.swift; sourceTree = "<group>"; };
		4950352B260498AA00F3529E /* Extensions.swift */ = {isa = PBXFileReference; lastKnownFileType = sourcecode.swift; path = Extensions.swift; sourceTree = "<group>"; };
		498E28D82683E08D00DE4D65 /* SettingsModels.swift */ = {isa = PBXFileReference; lastKnownFileType = sourcecode.swift; path = SettingsModels.swift; sourceTree = "<group>"; };
		499C12C426809B9D0029C553 /* AuthResponse.swift */ = {isa = PBXFileReference; lastKnownFileType = sourcecode.swift; path = AuthResponse.swift; sourceTree = "<group>"; };
		869AE02F84547D9329C5AC87 /* Pods_Spotify.framework */ = {isa = PBXFileReference; explicitFileType = wrapper.framework; includeInIndex = 0; path = Pods_Spotify.framework; sourceTree = BUILT_PRODUCTS_DIR; };
		8C545349CF3C56550C3E629A /* Pods-Spotify.release.xcconfig */ = {isa = PBXFileReference; includeInIndex = 1; lastKnownFileType = text.xcconfig; name = "Pods-Spotify.release.xcconfig"; path = "Target Support Files/Pods-Spotify/Pods-Spotify.release.xcconfig"; sourceTree = "<group>"; };
/* End PBXFileReference section */

/* Begin PBXFrameworksBuildPhase section */
		495034D02604709E00F3529E /* Frameworks */ = {
			isa = PBXFrameworksBuildPhase;
			buildActionMask = 2147483647;
			files = (
				077005253E236BC75648F756 /* Pods_Spotify.framework in Frameworks */,
			);
			runOnlyForDeploymentPostprocessing = 0;
		};
/* End PBXFrameworksBuildPhase section */

/* Begin PBXGroup section */
		3635C6885E540197073B517E /* Frameworks */ = {
			isa = PBXGroup;
			children = (
				869AE02F84547D9329C5AC87 /* Pods_Spotify.framework */,
			);
			name = Frameworks;
			sourceTree = "<group>";
		};
		495034CA2604709E00F3529E = {
			isa = PBXGroup;
			children = (
				495034D52604709E00F3529E /* Spotify */,
				495034D42604709E00F3529E /* Products */,
				8CE775179478D32CD1435D43 /* Pods */,
				3635C6885E540197073B517E /* Frameworks */,
			);
			sourceTree = "<group>";
		};
		495034D42604709E00F3529E /* Products */ = {
			isa = PBXGroup;
			children = (
				495034D32604709E00F3529E /* Spotify.app */,
			);
			name = Products;
			sourceTree = "<group>";
		};
		495034D52604709E00F3529E /* Spotify */ = {
			isa = PBXGroup;
			children = (
				495034EB2604715900F3529E /* Resources */,
				495034EC2604716E00F3529E /* Managers */,
				495034F0260471A100F3529E /* Controllers */,
				495034EF2604719B00F3529E /* Views */,
				495034EE2604718F00F3529E /* Models */,
				495034ED2604717600F3529E /* ViewModels */,
				495034E4260470A200F3529E /* Info.plist */,
			);
			path = Spotify;
			sourceTree = "<group>";
		};
		495034EB2604715900F3529E /* Resources */ = {
			isa = PBXGroup;
			children = (
				495034DF260470A200F3529E /* Assets.xcassets */,
				495034D62604709E00F3529E /* AppDelegate.swift */,
				495034D82604709E00F3529E /* SceneDelegate.swift */,
				4950352B260498AA00F3529E /* Extensions.swift */,
			);
			path = Resources;
			sourceTree = "<group>";
		};
		495034EC2604716E00F3529E /* Managers */ = {
			isa = PBXGroup;
			children = (
				495035152604785500F3529E /* AuthManager.swift */,
				495035182604786800F3529E /* APICaller.swift */,
				4950351B2604787B00F3529E /* HapticsManager.swift */,
			);
			path = Managers;
			sourceTree = "<group>";
		};
		495034ED2604717600F3529E /* ViewModels */ = {
			isa = PBXGroup;
			children = (
			);
			path = ViewModels;
			sourceTree = "<group>";
		};
		495034EE2604718F00F3529E /* Models */ = {
			isa = PBXGroup;
			children = (
				4950351E260478D500F3529E /* Playlist.swift */,
				49503521260478E600F3529E /* AudioTrack.swift */,
				49503524260478F300F3529E /* Artist.swift */,
				495035272604790500F3529E /* UserProfile.swift */,
				499C12C426809B9D0029C553 /* AuthResponse.swift */,
				498E28D82683E08D00DE4D65 /* SettingsModels.swift */,
			);
			path = Models;
			sourceTree = "<group>";
		};
		495034EF2604719B00F3529E /* Views */ = {
			isa = PBXGroup;
			children = (
				495034E1260470A200F3529E /* LaunchScreen.storyboard */,
			);
			path = Views;
			sourceTree = "<group>";
		};
		495034F0260471A100F3529E /* Controllers */ = {
			isa = PBXGroup;
			children = (
				495034FE260476F700F3529E /* Other */,
				495034FD260476E300F3529E /* Core */,
			);
			path = Controllers;
			sourceTree = "<group>";
		};
		495034FD260476E300F3529E /* Core */ = {
			isa = PBXGroup;
			children = (
				495034DA2604709E00F3529E /* HomeViewController.swift */,
				495034FA260476C400F3529E /* LibraryViewController.swift */,
				495034F32604765400F3529E /* TabBarViewController.swift */,
				495034F62604768800F3529E /* SearchViewController.swift */,
				4950350F260477D600F3529E /* PlaylistViewController.swift */,
			);
			path = Core;
			sourceTree = "<group>";
		};
		495034FE260476F700F3529E /* Other */ = {
			isa = PBXGroup;
			children = (
				495034FF2604778500F3529E /* AuthViewController.swift */,
				49503503260477A100F3529E /* WelcomeViewController.swift */,
				49503506260477AB00F3529E /* SettingsViewController.swift */,
				49503509260477C000F3529E /* ProfileViewController.swift */,
				4950350C260477CA00F3529E /* PlayerViewController.swift */,
				495035122604780500F3529E /* SearchResultsViewController.swift */,
			);
			path = Other;
			sourceTree = "<group>";
		};
		8CE775179478D32CD1435D43 /* Pods */ = {
			isa = PBXGroup;
			children = (
				24310165A73DB6354FDFC9DF /* Pods-Spotify.debug.xcconfig */,
				8C545349CF3C56550C3E629A /* Pods-Spotify.release.xcconfig */,
			);
			name = Pods;
			path = Pods;
			sourceTree = "<group>";
		};
/* End PBXGroup section */

/* Begin PBXNativeTarget section */
		495034D22604709E00F3529E /* Spotify */ = {
			isa = PBXNativeTarget;
			buildConfigurationList = 495034E7260470A200F3529E /* Build configuration list for PBXNativeTarget "Spotify" */;
			buildPhases = (
				2743C549E23AA796698A5286 /* [CP] Check Pods Manifest.lock */,
				495034CF2604709E00F3529E /* Sources */,
				495034D02604709E00F3529E /* Frameworks */,
				495034D12604709E00F3529E /* Resources */,
				CF1D28880E4CAAEC1701FF90 /* [CP] Embed Pods Frameworks */,
			);
			buildRules = (
			);
			dependencies = (
			);
			name = Spotify;
			productName = Spotify;
			productReference = 495034D32604709E00F3529E /* Spotify.app */;
			productType = "com.apple.product-type.application";
		};
/* End PBXNativeTarget section */

/* Begin PBXProject section */
		495034CB2604709E00F3529E /* Project object */ = {
			isa = PBXProject;
			attributes = {
				LastSwiftUpdateCheck = 1240;
				LastUpgradeCheck = 1240;
				TargetAttributes = {
					495034D22604709E00F3529E = {
						CreatedOnToolsVersion = 12.4;
					};
				};
			};
			buildConfigurationList = 495034CE2604709E00F3529E /* Build configuration list for PBXProject "Spotify" */;
			compatibilityVersion = "Xcode 9.3";
			developmentRegion = en;
			hasScannedForEncodings = 0;
			knownRegions = (
				en,
				Base,
			);
			mainGroup = 495034CA2604709E00F3529E;
			productRefGroup = 495034D42604709E00F3529E /* Products */;
			projectDirPath = "";
			projectRoot = "";
			targets = (
				495034D22604709E00F3529E /* Spotify */,
			);
		};
/* End PBXProject section */

/* Begin PBXResourcesBuildPhase section */
		495034D12604709E00F3529E /* Resources */ = {
			isa = PBXResourcesBuildPhase;
			buildActionMask = 2147483647;
			files = (
				495034E3260470A200F3529E /* LaunchScreen.storyboard in Resources */,
				495034E0260470A200F3529E /* Assets.xcassets in Resources */,
			);
			runOnlyForDeploymentPostprocessing = 0;
		};
/* End PBXResourcesBuildPhase section */

/* Begin PBXShellScriptBuildPhase section */
		2743C549E23AA796698A5286 /* [CP] Check Pods Manifest.lock */ = {
			isa = PBXShellScriptBuildPhase;
			buildActionMask = 2147483647;
			files = (
			);
			inputFileListPaths = (
			);
			inputPaths = (
				"${PODS_PODFILE_DIR_PATH}/Podfile.lock",
				"${PODS_ROOT}/Manifest.lock",
			);
			name = "[CP] Check Pods Manifest.lock";
			outputFileListPaths = (
			);
			outputPaths = (
				"$(DERIVED_FILE_DIR)/Pods-Spotify-checkManifestLockResult.txt",
			);
			runOnlyForDeploymentPostprocessing = 0;
			shellPath = /bin/sh;
			shellScript = "diff \"${PODS_PODFILE_DIR_PATH}/Podfile.lock\" \"${PODS_ROOT}/Manifest.lock\" > /dev/null\nif [ $? != 0 ] ; then\n    # print error to STDERR\n    echo \"error: The sandbox is not in sync with the Podfile.lock. Run 'pod install' or update your CocoaPods installation.\" >&2\n    exit 1\nfi\n# This output is used by Xcode 'outputs' to avoid re-running this script phase.\necho \"SUCCESS\" > \"${SCRIPT_OUTPUT_FILE_0}\"\n";
			showEnvVarsInLog = 0;
		};
		CF1D28880E4CAAEC1701FF90 /* [CP] Embed Pods Frameworks */ = {
			isa = PBXShellScriptBuildPhase;
			buildActionMask = 2147483647;
			files = (
			);
			inputFileListPaths = (
				"${PODS_ROOT}/Target Support Files/Pods-Spotify/Pods-Spotify-frameworks-${CONFIGURATION}-input-files.xcfilelist",
			);
			name = "[CP] Embed Pods Frameworks";
			outputFileListPaths = (
				"${PODS_ROOT}/Target Support Files/Pods-Spotify/Pods-Spotify-frameworks-${CONFIGURATION}-output-files.xcfilelist",
			);
			runOnlyForDeploymentPostprocessing = 0;
			shellPath = /bin/sh;
			shellScript = "\"${PODS_ROOT}/Target Support Files/Pods-Spotify/Pods-Spotify-frameworks.sh\"\n";
			showEnvVarsInLog = 0;
		};
/* End PBXShellScriptBuildPhase section */

/* Begin PBXSourcesBuildPhase section */
		495034CF2604709E00F3529E /* Sources */ = {
			isa = PBXSourcesBuildPhase;
			buildActionMask = 2147483647;
			files = (
				495034F72604768800F3529E /* SearchViewController.swift in Sources */,
				4950351F260478D500F3529E /* Playlist.swift in Sources */,
				495035162604785500F3529E /* AuthManager.swift in Sources */,
				495035132604780500F3529E /* SearchResultsViewController.swift in Sources */,
				49503504260477A100F3529E /* WelcomeViewController.swift in Sources */,
				4950350A260477C000F3529E /* ProfileViewController.swift in Sources */,
				495034F42604765400F3529E /* TabBarViewController.swift in Sources */,
				4950351C2604787B00F3529E /* HapticsManager.swift in Sources */,
				499C12C526809B9D0029C553 /* AuthResponse.swift in Sources */,
				49503522260478E600F3529E /* AudioTrack.swift in Sources */,
				495034DB2604709E00F3529E /* HomeViewController.swift in Sources */,
				495035002604778500F3529E /* AuthViewController.swift in Sources */,
				495034D72604709E00F3529E /* AppDelegate.swift in Sources */,
				495035282604790500F3529E /* UserProfile.swift in Sources */,
				4950352C260498AA00F3529E /* Extensions.swift in Sources */,
				495034FB260476C400F3529E /* LibraryViewController.swift in Sources */,
				49503525260478F300F3529E /* Artist.swift in Sources */,
				498E28D92683E08D00DE4D65 /* SettingsModels.swift in Sources */,
				49503510260477D600F3529E /* PlaylistViewController.swift in Sources */,
				495034D92604709E00F3529E /* SceneDelegate.swift in Sources */,
				4950350D260477CA00F3529E /* PlayerViewController.swift in Sources */,
				495035192604786800F3529E /* APICaller.swift in Sources */,
				49503507260477AB00F3529E /* SettingsViewController.swift in Sources */,
			);
			runOnlyForDeploymentPostprocessing = 0;
		};
/* End PBXSourcesBuildPhase section */

/* Begin PBXVariantGroup section */
		495034E1260470A200F3529E /* LaunchScreen.storyboard */ = {
			isa = PBXVariantGroup;
			children = (
				495034E2260470A200F3529E /* Base */,
			);
			name = LaunchScreen.storyboard;
			sourceTree = "<group>";
		};
/* End PBXVariantGroup section */

/* Begin XCBuildConfiguration section */
		495034E5260470A200F3529E /* Debug */ = {
			isa = XCBuildConfiguration;
			buildSettings = {
				ALWAYS_SEARCH_USER_PATHS = NO;
				CLANG_ANALYZER_NONNULL = YES;
				CLANG_ANALYZER_NUMBER_OBJECT_CONVERSION = YES_AGGRESSIVE;
				CLANG_CXX_LANGUAGE_STANDARD = "gnu++14";
				CLANG_CXX_LIBRARY = "libc++";
				CLANG_ENABLE_MODULES = YES;
				CLANG_ENABLE_OBJC_ARC = YES;
				CLANG_ENABLE_OBJC_WEAK = YES;
				CLANG_WARN_BLOCK_CAPTURE_AUTORELEASING = YES;
				CLANG_WARN_BOOL_CONVERSION = YES;
				CLANG_WARN_COMMA = YES;
				CLANG_WARN_CONSTANT_CONVERSION = YES;
				CLANG_WARN_DEPRECATED_OBJC_IMPLEMENTATIONS = YES;
				CLANG_WARN_DIRECT_OBJC_ISA_USAGE = YES_ERROR;
				CLANG_WARN_DOCUMENTATION_COMMENTS = YES;
				CLANG_WARN_EMPTY_BODY = YES;
				CLANG_WARN_ENUM_CONVERSION = YES;
				CLANG_WARN_INFINITE_RECURSION = YES;
				CLANG_WARN_INT_CONVERSION = YES;
				CLANG_WARN_NON_LITERAL_NULL_CONVERSION = YES;
				CLANG_WARN_OBJC_IMPLICIT_RETAIN_SELF = YES;
				CLANG_WARN_OBJC_LITERAL_CONVERSION = YES;
				CLANG_WARN_OBJC_ROOT_CLASS = YES_ERROR;
				CLANG_WARN_QUOTED_INCLUDE_IN_FRAMEWORK_HEADER = YES;
				CLANG_WARN_RANGE_LOOP_ANALYSIS = YES;
				CLANG_WARN_STRICT_PROTOTYPES = YES;
				CLANG_WARN_SUSPICIOUS_MOVE = YES;
				CLANG_WARN_UNGUARDED_AVAILABILITY = YES_AGGRESSIVE;
				CLANG_WARN_UNREACHABLE_CODE = YES;
				CLANG_WARN__DUPLICATE_METHOD_MATCH = YES;
				COPY_PHASE_STRIP = NO;
				DEBUG_INFORMATION_FORMAT = dwarf;
				ENABLE_STRICT_OBJC_MSGSEND = YES;
				ENABLE_TESTABILITY = YES;
				GCC_C_LANGUAGE_STANDARD = gnu11;
				GCC_DYNAMIC_NO_PIC = NO;
				GCC_NO_COMMON_BLOCKS = YES;
				GCC_OPTIMIZATION_LEVEL = 0;
				GCC_PREPROCESSOR_DEFINITIONS = (
					"DEBUG=1",
					"$(inherited)",
				);
				GCC_WARN_64_TO_32_BIT_CONVERSION = YES;
				GCC_WARN_ABOUT_RETURN_TYPE = YES_ERROR;
				GCC_WARN_UNDECLARED_SELECTOR = YES;
				GCC_WARN_UNINITIALIZED_AUTOS = YES_AGGRESSIVE;
				GCC_WARN_UNUSED_FUNCTION = YES;
				GCC_WARN_UNUSED_VARIABLE = YES;
				IPHONEOS_DEPLOYMENT_TARGET = 14.4;
				MTL_ENABLE_DEBUG_INFO = INCLUDE_SOURCE;
				MTL_FAST_MATH = YES;
				ONLY_ACTIVE_ARCH = YES;
				SDKROOT = iphoneos;
				SWIFT_ACTIVE_COMPILATION_CONDITIONS = DEBUG;
				SWIFT_OPTIMIZATION_LEVEL = "-Onone";
			};
			name = Debug;
		};
		495034E6260470A200F3529E /* Release */ = {
			isa = XCBuildConfiguration;
			buildSettings = {
				ALWAYS_SEARCH_USER_PATHS = NO;
				CLANG_ANALYZER_NONNULL = YES;
				CLANG_ANALYZER_NUMBER_OBJECT_CONVERSION = YES_AGGRESSIVE;
				CLANG_CXX_LANGUAGE_STANDARD = "gnu++14";
				CLANG_CXX_LIBRARY = "libc++";
				CLANG_ENABLE_MODULES = YES;
				CLANG_ENABLE_OBJC_ARC = YES;
				CLANG_ENABLE_OBJC_WEAK = YES;
				CLANG_WARN_BLOCK_CAPTURE_AUTORELEASING = YES;
				CLANG_WARN_BOOL_CONVERSION = YES;
				CLANG_WARN_COMMA = YES;
				CLANG_WARN_CONSTANT_CONVERSION = YES;
				CLANG_WARN_DEPRECATED_OBJC_IMPLEMENTATIONS = YES;
				CLANG_WARN_DIRECT_OBJC_ISA_USAGE = YES_ERROR;
				CLANG_WARN_DOCUMENTATION_COMMENTS = YES;
				CLANG_WARN_EMPTY_BODY = YES;
				CLANG_WARN_ENUM_CONVERSION = YES;
				CLANG_WARN_INFINITE_RECURSION = YES;
				CLANG_WARN_INT_CONVERSION = YES;
				CLANG_WARN_NON_LITERAL_NULL_CONVERSION = YES;
				CLANG_WARN_OBJC_IMPLICIT_RETAIN_SELF = YES;
				CLANG_WARN_OBJC_LITERAL_CONVERSION = YES;
				CLANG_WARN_OBJC_ROOT_CLASS = YES_ERROR;
				CLANG_WARN_QUOTED_INCLUDE_IN_FRAMEWORK_HEADER = YES;
				CLANG_WARN_RANGE_LOOP_ANALYSIS = YES;
				CLANG_WARN_STRICT_PROTOTYPES = YES;
				CLANG_WARN_SUSPICIOUS_MOVE = YES;
				CLANG_WARN_UNGUARDED_AVAILABILITY = YES_AGGRESSIVE;
				CLANG_WARN_UNREACHABLE_CODE = YES;
				CLANG_WARN__DUPLICATE_METHOD_MATCH = YES;
				COPY_PHASE_STRIP = NO;
				DEBUG_INFORMATION_FORMAT = "dwarf-with-dsym";
				ENABLE_NS_ASSERTIONS = NO;
				ENABLE_STRICT_OBJC_MSGSEND = YES;
				GCC_C_LANGUAGE_STANDARD = gnu11;
				GCC_NO_COMMON_BLOCKS = YES;
				GCC_WARN_64_TO_32_BIT_CONVERSION = YES;
				GCC_WARN_ABOUT_RETURN_TYPE = YES_ERROR;
				GCC_WARN_UNDECLARED_SELECTOR = YES;
				GCC_WARN_UNINITIALIZED_AUTOS = YES_AGGRESSIVE;
				GCC_WARN_UNUSED_FUNCTION = YES;
				GCC_WARN_UNUSED_VARIABLE = YES;
				IPHONEOS_DEPLOYMENT_TARGET = 14.4;
				MTL_ENABLE_DEBUG_INFO = NO;
				MTL_FAST_MATH = YES;
				SDKROOT = iphoneos;
				SWIFT_COMPILATION_MODE = wholemodule;
				SWIFT_OPTIMIZATION_LEVEL = "-O";
				VALIDATE_PRODUCT = YES;
			};
			name = Release;
		};
		495034E8260470A200F3529E /* Debug */ = {
			isa = XCBuildConfiguration;
			baseConfigurationReference = 24310165A73DB6354FDFC9DF /* Pods-Spotify.debug.xcconfig */;
			buildSettings = {
				ASSETCATALOG_COMPILER_APPICON_NAME = AppIcon;
				ASSETCATALOG_COMPILER_GLOBAL_ACCENT_COLOR_NAME = AccentColor;
				CODE_SIGN_STYLE = Automatic;
				DEVELOPMENT_TEAM = 39JDS3WKKL;
				INFOPLIST_FILE = Spotify/Info.plist;
				LD_RUNPATH_SEARCH_PATHS = (
					"$(inherited)",
					"@executable_path/Frameworks",
				);
				PRODUCT_BUNDLE_IDENTIFIER = com.AkahoriMasashi.Spotify;
				PRODUCT_NAME = "$(TARGET_NAME)";
				SWIFT_VERSION = 5.0;
				TARGETED_DEVICE_FAMILY = "1,2";
			};
			name = Debug;
		};
		495034E9260470A200F3529E /* Release */ = {
			isa = XCBuildConfiguration;
			baseConfigurationReference = 8C545349CF3C56550C3E629A /* Pods-Spotify.release.xcconfig */;
			buildSettings = {
				ASSETCATALOG_COMPILER_APPICON_NAME = AppIcon;
				ASSETCATALOG_COMPILER_GLOBAL_ACCENT_COLOR_NAME = AccentColor;
				CODE_SIGN_STYLE = Automatic;
				DEVELOPMENT_TEAM = 39JDS3WKKL;
				INFOPLIST_FILE = Spotify/Info.plist;
				LD_RUNPATH_SEARCH_PATHS = (
					"$(inherited)",
					"@executable_path/Frameworks",
				);
				PRODUCT_BUNDLE_IDENTIFIER = com.AkahoriMasashi.Spotify;
				PRODUCT_NAME = "$(TARGET_NAME)";
				SWIFT_VERSION = 5.0;
				TARGETED_DEVICE_FAMILY = "1,2";
			};
			name = Release;
		};
/* End XCBuildConfiguration section */

/* Begin XCConfigurationList section */
		495034CE2604709E00F3529E /* Build configuration list for PBXProject "Spotify" */ = {
			isa = XCConfigurationList;
			buildConfigurations = (
				495034E5260470A200F3529E /* Debug */,
				495034E6260470A200F3529E /* Release */,
			);
			defaultConfigurationIsVisible = 0;
			defaultConfigurationName = Release;
		};
		495034E7260470A200F3529E /* Build configuration list for PBXNativeTarget "Spotify" */ = {
			isa = XCConfigurationList;
			buildConfigurations = (
				495034E8260470A200F3529E /* Debug */,
				495034E9260470A200F3529E /* Release */,
			);
			defaultConfigurationIsVisible = 0;
			defaultConfigurationName = Release;
		};
/* End XCConfigurationList section */
	};
	rootObject = 495034CB2604709E00F3529E /* Project object */;
}
